
Microsoft Visual Studio Solution File, Format Version 12.00
# Visual Studio Version 17
VisualStudioVersion = 17.9.34622.214
MinimumVisualStudioVersion = 10.0.40219.1
Project("{9A19103F-16F7-4668-BE54-9A1E7A4F7556}") = "Projeto1_IF", "Projeto1_IF.csproj", "{6F76E9EF-ADF6-4DC7-B3EF-4F850B0B48E5}"
EndProject
Global
	GlobalSection(SolutionConfigurationPlatforms) = preSolution
		Debug|Any CPU = Debug|Any CPU
		Release|Any CPU = Release|Any CPU
	EndGlobalSection
	GlobalSection(ProjectConfigurationPlatforms) = postSolution
		{6F76E9EF-ADF6-4DC7-B3EF-4F850B0B48E5}.Debug|Any CPU.ActiveCfg = Debug|Any CPU
		{6F76E9EF-ADF6-4DC7-B3EF-4F850B0B48E5}.Debug|Any CPU.Build.0 = Debug|Any CPU
		{6F76E9EF-ADF6-4DC7-B3EF-4F850B0B48E5}.Release|Any CPU.ActiveCfg = Release|Any CPU
		{6F76E9EF-ADF6-4DC7-B3EF-4F850B0B48E5}.Release|Any CPU.Build.0 = Release|Any CPU
	EndGlobalSection
	GlobalSection(SolutionProperties) = preSolution
		HideSolutionNode = FALSE
	EndGlobalSection
	GlobalSection(ExtensibilityGlobals) = postSolution
		SolutionGuid = {BE071431-92D9-4965-80A1-00D7176EED4E}
	EndGlobalSection
EndGlobal
